
Microsoft Visual Studio Solution File, Format Version 12.00
# Visual Studio Version 16
VisualStudioVersion = 16.0.33214.272
MinimumVisualStudioVersion = 10.0.40219.1
Project("{FAE04EC0-301F-11D3-BF4B-00C04F79EFBC}") = "DBFirstApproachDemo", "DBFirstApproachDemo\DBFirstApproachDemo.csproj", "{7CF3198F-0320-4AB7-B3C8-8806DBB46633}"
EndProject
Project("{FAE04EC0-301F-11D3-BF4B-00C04F79EFBC}") = "CodeFirstApproach", "CodeFirstApproach\CodeFirstApproach.csproj", "{2B81BF13-2889-421D-9CDA-2AEB78C567CB}"
EndProject
Project("{FAE04EC0-301F-11D3-BF4B-00C04F79EFBC}") = "CodeFirstUsingDB", "CodeFirstUsingDB\CodeFirstUsingDB.csproj", "{4F5DE20D-9B44-4A11-978A-276D8539C7FE}"
EndProject
Global
	GlobalSection(SolutionConfigurationPlatforms) = preSolution
		Debug|Any CPU = Debug|Any CPU
		Release|Any CPU = Release|Any CPU
	EndGlobalSection
	GlobalSection(ProjectConfigurationPlatforms) = postSolution
		{7CF3198F-0320-4AB7-B3C8-8806DBB46633}.Debug|Any CPU.ActiveCfg = Debug|Any CPU
		{7CF3198F-0320-4AB7-B3C8-8806DBB46633}.Debug|Any CPU.Build.0 = Debug|Any CPU
		{7CF3198F-0320-4AB7-B3C8-8806DBB46633}.Release|Any CPU.ActiveCfg = Release|Any CPU
		{7CF3198F-0320-4AB7-B3C8-8806DBB46633}.Release|Any CPU.Build.0 = Release|Any CPU
		{2B81BF13-2889-421D-9CDA-2AEB78C567CB}.Debug|Any CPU.ActiveCfg = Debug|Any CPU
		{2B81BF13-2889-421D-9CDA-2AEB78C567CB}.Debug|Any CPU.Build.0 = Debug|Any CPU
		{2B81BF13-2889-421D-9CDA-2AEB78C567CB}.Release|Any CPU.ActiveCfg = Release|Any CPU
		{2B81BF13-2889-421D-9CDA-2AEB78C567CB}.Release|Any CPU.Build.0 = Release|Any CPU
		{4F5DE20D-9B44-4A11-978A-276D8539C7FE}.Debug|Any CPU.ActiveCfg = Debug|Any CPU
		{4F5DE20D-9B44-4A11-978A-276D8539C7FE}.Debug|Any CPU.Build.0 = Debug|Any CPU
		{4F5DE20D-9B44-4A11-978A-276D8539C7FE}.Release|Any CPU.ActiveCfg = Release|Any CPU
		{4F5DE20D-9B44-4A11-978A-276D8539C7FE}.Release|Any CPU.Build.0 = Release|Any CPU
	EndGlobalSection
	GlobalSection(SolutionProperties) = preSolution
		HideSolutionNode = FALSE
	EndGlobalSection
	GlobalSection(ExtensibilityGlobals) = postSolution
		SolutionGuid = {DA75E7EC-A1BF-4EF3-9ED9-4F535D1BFF7F}
	EndGlobalSection
EndGlobal
